<?xml version="1.0" encoding="utf-8"?>
<Project ToolsVersion="4.0" xmlns="http://schemas.microsoft.com/developer/msbuild/2003">
  <ItemGroup>
    <Filter Include="소스 파일">
      <UniqueIdentifier>{4FC737F1-C7A5-4376-A066-2A32D752A2FF}</UniqueIdentifier>
      <Extensions>cpp;c;cc;cxx;def;odl;idl;hpj;bat;asm;asmx</Extensions>
    </Filter>
    <Filter Include="헤더 파일">
      <UniqueIdentifier>{93995380-89BD-4b04-88EB-625FBE52EBFB}</UniqueIdentifier>
      <Extensions>h;hh;hpp;hxx;hm;inl;inc;ipp;xsd</Extensions>
    </Filter>
    <Filter Include="리소스 파일">
      <UniqueIdentifier>{67DA6AB6-F800-4c08-8B7A-83BB121AAD01}</UniqueIdentifier>
      <Extensions>rc;ico;cur;bmp;dlg;rc2;rct;bin;rgs;gif;jpg;jpeg;jpe;resx;tiff;tif;png;wav;mfcribbon-ms</Extensions>
    </Filter>
    <Filter Include="소스 파일\Algo_1.0">
      <UniqueIdentifier>{936080cf-d9a0-4436-ad03-b46c2359ea8e}</UniqueIdentifier>
    </Filter>
    <Filter Include="소스 파일\Algo_2.0">
      <UniqueIdentifier>{1b30d507-cef5-4b14-b4b2-fd1d681bb8ef}</UniqueIdentifier>
    </Filter>
  </ItemGroup>
  <ItemGroup>
    <ClCompile Include="_6_BOARDCOVER.cpp">
      <Filter>소스 파일\Algo_1.0</Filter>
    </ClCompile>
    <ClCompile Include="_6_BOGGLE.cpp">
      <Filter>소스 파일\Algo_1.0</Filter>
    </ClCompile>
    <ClCompile Include="_6_CLOCKSYNC.cpp">
      <Filter>소스 파일\Algo_1.0</Filter>
    </ClCompile>
    <ClCompile Include="_6_P_모의고사.cpp">
      <Filter>소스 파일\Algo_1.0</Filter>
    </ClCompile>
    <ClCompile Include="_6_P_소수찾기.cpp">
      <Filter>소스 파일\Algo_1.0</Filter>
    </ClCompile>
    <ClCompile Include="_6_P_숫자야구.cpp">
      <Filter>소스 파일\Algo_1.0</Filter>
    </ClCompile>
    <ClCompile Include="_6_P_카펫.cpp">
      <Filter>소스 파일\Algo_1.0</Filter>
    </ClCompile>
    <ClCompile Include="_6_PICNIC.cpp">
      <Filter>소스 파일\Algo_1.0</Filter>
    </ClCompile>
    <ClCompile Include="_7_FENCE.cpp">
      <Filter>소스 파일\Algo_1.0</Filter>
    </ClCompile>
    <ClCompile Include="_7_QUADTREE.cpp">
      <Filter>소스 파일\Algo_1.0</Filter>
    </ClCompile>
    <ClCompile Include="_8_ASYMTILING.cpp">
      <Filter>소스 파일\Algo_1.0</Filter>
    </ClCompile>
    <ClCompile Include="_8_JLIS.cpp">
      <Filter>소스 파일\Algo_1.0</Filter>
    </ClCompile>
    <ClCompile Include="_8_JUMPGAME.cpp">
      <Filter>소스 파일\Algo_1.0</Filter>
    </ClCompile>
    <ClCompile Include="_8_LIS.cpp">
      <Filter>소스 파일\Algo_1.0</Filter>
    </ClCompile>
    <ClCompile Include="_8_NUMB3RS.cpp">
      <Filter>소스 파일\Algo_1.0</Filter>
    </ClCompile>
    <ClCompile Include="_8_P_정수삼각.cpp">
      <Filter>소스 파일\Algo_1.0</Filter>
    </ClCompile>
    <ClCompile Include="_8_P_타일장식.cpp">
      <Filter>소스 파일\Algo_1.0</Filter>
    </ClCompile>
    <ClCompile Include="_8_SNAIL.cpp">
      <Filter>소스 파일\Algo_1.0</Filter>
    </ClCompile>
    <ClCompile Include="_8_TILING2.cpp">
      <Filter>소스 파일\Algo_1.0</Filter>
    </ClCompile>
    <ClCompile Include="_8_WILDCARD.cpp">
      <Filter>소스 파일\Algo_1.0</Filter>
    </ClCompile>
    <ClCompile Include="_9_BOJ_1로만들기.cpp">
      <Filter>소스 파일\Algo_1.0</Filter>
    </ClCompile>
    <ClCompile Include="_9_BOJ_123만들기.cpp">
      <Filter>소스 파일\Algo_1.0</Filter>
    </ClCompile>
    <ClCompile Include="_9_BOJ_피보나치.cpp">
      <Filter>소스 파일\Algo_1.0</Filter>
    </ClCompile>
    <ClCompile Include="_9_PACKING.cpp">
      <Filter>소스 파일\Algo_1.0</Filter>
    </ClCompile>
    <ClCompile Include="_P_124나라의숫자.cpp">
      <Filter>소스 파일\Algo_1.0</Filter>
    </ClCompile>
    <ClCompile Include="_P_기능개발.cpp">
      <Filter>소스 파일\Algo_1.0</Filter>
    </ClCompile>
    <ClCompile Include="_P_쇠막대기.cpp">
      <Filter>소스 파일\Algo_1.0</Filter>
    </ClCompile>
    <ClCompile Include="_P_오픈채팅방.cpp">
      <Filter>소스 파일\Algo_1.0</Filter>
    </ClCompile>
    <ClCompile Include="_P_주식가격.cpp">
      <Filter>소스 파일\Algo_1.0</Filter>
    </ClCompile>
    <ClCompile Include="_P_타겟넘버.cpp">
      <Filter>소스 파일\Algo_1.0</Filter>
    </ClCompile>
    <ClCompile Include="_스택_P_탑.cpp">
      <Filter>소스 파일\Algo_1.0</Filter>
    </ClCompile>
    <ClCompile Include="_정렬_P_K번쨰수.cpp">
      <Filter>소스 파일\Algo_1.0</Filter>
    </ClCompile>
    <ClCompile Include="_큐_P_프린터.cpp">
      <Filter>소스 파일\Algo_1.0</Filter>
    </ClCompile>
    <ClCompile Include="_해시_P완주하지_못한선수.cpp">
      <Filter>소스 파일\Algo_1.0</Filter>
    </ClCompile>
    <ClCompile Include="_해시_P위장.cpp">
      <Filter>소스 파일\Algo_1.0</Filter>
    </ClCompile>
    <ClCompile Include="_해시_P전화번호목록.cpp">
      <Filter>소스 파일\Algo_1.0</Filter>
    </ClCompile>
    <ClCompile Include="PI.cpp">
      <Filter>소스 파일\Algo_1.0</Filter>
    </ClCompile>
    <ClCompile Include="TRIANGLEPATH.cpp">
      <Filter>소스 파일\Algo_1.0</Filter>
    </ClCompile>
    <ClCompile Include="_BOJ_10950.cpp">
      <Filter>소스 파일\Algo_2.0</Filter>
    </ClCompile>
    <ClCompile Include="_BOJ_10951.cpp">
      <Filter>소스 파일\Algo_2.0</Filter>
    </ClCompile>
    <ClCompile Include="..\ALGO\Algo_2.0\_BOJ_10828.cpp">
      <Filter>소스 파일\Algo_2.0</Filter>
    </ClCompile>
    <ClCompile Include="..\ALGO\Algo_2.0\_BOJ_9093.cpp">
      <Filter>소스 파일\Algo_2.0</Filter>
    </ClCompile>
    <ClCompile Include="..\ALGO\Algo_2.0\_BOJ_9012.cpp">
      <Filter>소스 파일\Algo_2.0</Filter>
    </ClCompile>
    <ClCompile Include="..\ALGO\Algo_2.0\_BOJ_1874.cpp">
      <Filter>소스 파일\Algo_2.0</Filter>
    </ClCompile>
    <ClCompile Include="_BOJ_10845.cpp">
      <Filter>소스 파일\Algo_2.0</Filter>
    </ClCompile>
    <ClCompile Include="_BOJ_9375.cpp">
      <Filter>소스 파일\Algo_2.0</Filter>
    </ClCompile>
    <ClCompile Include="_BOJ_1406.cpp">
      <Filter>소스 파일\Algo_2.0</Filter>
    </ClCompile>
    <ClCompile Include="_BOJ_1158.cpp">
      <Filter>소스 파일\Algo_2.0</Filter>
    </ClCompile>
    <ClCompile Include="_BOJ_17413.cpp">
      <Filter>소스 파일\Algo_2.0</Filter>
    </ClCompile>
    <ClCompile Include="_BOJ_10866.cpp">
      <Filter>소스 파일\Algo_2.0</Filter>
    </ClCompile>
    <ClCompile Include="_BOJ_10799.cpp">
      <Filter>소스 파일\Algo_2.0</Filter>
    </ClCompile>
    <ClCompile Include="_BOJ_2493.cpp">
      <Filter>소스 파일\Algo_2.0</Filter>
    </ClCompile>
    <ClCompile Include="_BOJ_1966.cpp">
      <Filter>소스 파일\Algo_2.0</Filter>
    </ClCompile>
    <ClCompile Include="_BOJ_1918.cpp">
      <Filter>소스 파일\Algo_2.0</Filter>
    </ClCompile>
    <ClCompile Include="_BOJ_1935.cpp">
      <Filter>소스 파일\Algo_2.0</Filter>
    </ClCompile>
    <ClCompile Include="_BOJ_2504.cpp">
      <Filter>소스 파일\Algo_2.0</Filter>
    </ClCompile>
    <ClCompile Include="_BOJ_3986.cpp">
      <Filter>소스 파일\Algo_2.0</Filter>
    </ClCompile>
    <ClCompile Include="_BOJ_1427.cpp">
      <Filter>소스 파일\Algo_2.0</Filter>
    </ClCompile>
    <ClCompile Include="_BOJ_1085.cpp">
      <Filter>소스 파일\Algo_2.0</Filter>
    </ClCompile>
    <ClCompile Include="_BOJ_17298.cpp">
      <Filter>소스 파일\Algo_2.0</Filter>
    </ClCompile>
    <ClCompile Include="_BOJ_17299.cpp">
      <Filter>소스 파일\Algo_2.0</Filter>
    </ClCompile>
    <ClCompile Include="_BOJ_10430.cpp">
      <Filter>소스 파일\Algo_2.0</Filter>
    </ClCompile>
    <ClCompile Include="_BOJ_2609.cpp">
      <Filter>소스 파일\Algo_2.0</Filter>
    </ClCompile>
    <ClCompile Include="_BOJ_1978.cpp">
      <Filter>소스 파일\Algo_2.0</Filter>
    </ClCompile>
    <ClCompile Include="_BOJ_1929.cpp">
      <Filter>소스 파일\Algo_2.0</Filter>
    </ClCompile>
    <ClCompile Include="_BOJ_6588.cpp">
      <Filter>소스 파일\Algo_2.0</Filter>
    </ClCompile>
    <ClCompile Include="_BOJ_10872.cpp">
      <Filter>소스 파일\Algo_2.0</Filter>
    </ClCompile>
    <ClCompile Include="_BOJ_1676.cpp">
      <Filter>소스 파일\Algo_2.0</Filter>
    </ClCompile>
    <ClCompile Include="_BOJ_2004.cpp">
      <Filter>소스 파일\Algo_2.0</Filter>
    </ClCompile>
    <ClCompile Include="_BOJ_9613.cpp">
      <Filter>소스 파일\Algo_2.0</Filter>
    </ClCompile>
    <ClCompile Include="_BOJ_17087.cpp">
      <Filter>소스 파일\Algo_2.0</Filter>
    </ClCompile>
    <ClCompile Include="_BOJ_1373.cpp">
      <Filter>소스 파일\Algo_2.0</Filter>
    </ClCompile>
    <ClCompile Include="_BOJ_1212.cpp">
      <Filter>소스 파일\Algo_2.0</Filter>
    </ClCompile>
    <ClCompile Include="_BOJ_17103.cpp">
      <Filter>소스 파일\Algo_2.0</Filter>
    </ClCompile>
    <ClCompile Include="_BOJ_1463.cpp">
      <Filter>소스 파일\Algo_2.0</Filter>
    </ClCompile>
    <ClCompile Include="_BOJ_11726.cpp">
      <Filter>소스 파일\Algo_2.0</Filter>
    </ClCompile>
    <ClCompile Include="_BOJ_11727.cpp">
      <Filter>소스 파일\Algo_2.0</Filter>
    </ClCompile>
    <ClCompile Include="_BOJ_9095.cpp">
      <Filter>소스 파일\Algo_2.0</Filter>
    </ClCompile>
    <ClCompile Include="_BOJ_11052.cpp">
      <Filter>소스 파일\Algo_2.0</Filter>
    </ClCompile>
    <ClCompile Include="_BOJ_16194.cpp">
      <Filter>소스 파일\Algo_2.0</Filter>
    </ClCompile>
    <ClCompile Include="_BOJ_15990.cpp">
      <Filter>소스 파일\Algo_2.0</Filter>
    </ClCompile>
    <ClCompile Include="test.cpp">
      <Filter>소스 파일\Algo_2.0</Filter>
    </ClCompile>
    <ClCompile Include="_BOJ_10844.cpp">
      <Filter>소스 파일\Algo_2.0</Filter>
    </ClCompile>
    <ClCompile Include="_BOJ_2193.cpp">
      <Filter>소스 파일\Algo_2.0</Filter>
    </ClCompile>
    <ClCompile Include="_BOJ_11053.cpp">
      <Filter>소스 파일\Algo_2.0</Filter>
    </ClCompile>
    <ClCompile Include="_BOJ_14002.cpp">
      <Filter>소스 파일\Algo_2.0</Filter>
    </ClCompile>
    <ClCompile Include="_BOJ_1912.cpp">
      <Filter>소스 파일\Algo_2.0</Filter>
    </ClCompile>
    <ClCompile Include="_BOJ_1699.cpp">
      <Filter>소스 파일\Algo_2.0</Filter>
    </ClCompile>
    <ClCompile Include="_BOJ_2225.cpp">
      <Filter>소스 파일\Algo_2.0</Filter>
    </ClCompile>
    <ClCompile Include="_BOJ_15988.cpp">
      <Filter>소스 파일\Algo_2.0</Filter>
    </ClCompile>
    <ClCompile Include="_BOJ_1149.cpp">
      <Filter>소스 파일\Algo_2.0</Filter>
    </ClCompile>
    <ClCompile Include="_BOJ_1309.cpp">
      <Filter>소스 파일\Algo_2.0</Filter>
    </ClCompile>
    <ClCompile Include="_BOJ_11507.cpp">
      <Filter>소스 파일\Algo_2.0</Filter>
    </ClCompile>
    <ClCompile Include="_BOJ_9465.cpp">
      <Filter>소스 파일\Algo_2.0</Filter>
    </ClCompile>
    <ClCompile Include="_BOJ_2156.cpp">
      <Filter>소스 파일\Algo_2.0</Filter>
    </ClCompile>
    <ClCompile Include="_BOJ_1932.cpp">
      <Filter>소스 파일\Algo_2.0</Filter>
    </ClCompile>
    <ClCompile Include="_BOJ_11055.cpp">
      <Filter>소스 파일\Algo_2.0</Filter>
    </ClCompile>
    <ClCompile Include="_BOJ_11722.cpp">
      <Filter>소스 파일\Algo_2.0</Filter>
    </ClCompile>
    <ClCompile Include="_BOJ_11054.cpp">
      <Filter>소스 파일\Algo_2.0</Filter>
    </ClCompile>
    <ClCompile Include="_BOJ_13398.cpp">
      <Filter>소스 파일\Algo_2.0</Filter>
    </ClCompile>
    <ClCompile Include="_BOJ_2133.cpp">
      <Filter>소스 파일\Algo_2.0</Filter>
    </ClCompile>
    <ClCompile Include="_BOJ_2309.cpp">
      <Filter>소스 파일\Algo_2.0</Filter>
    </ClCompile>
    <ClCompile Include="_BOJ_3085.cpp">
      <Filter>소스 파일\Algo_2.0</Filter>
    </ClCompile>
    <ClCompile Include="_BOJ_1476.cpp">
      <Filter>소스 파일\Algo_2.0</Filter>
    </ClCompile>
    <ClCompile Include="_BOJ_1107.cpp">
      <Filter>소스 파일\Algo_2.0</Filter>
    </ClCompile>
    <ClCompile Include="_BOJ_14500.cpp">
      <Filter>소스 파일\Algo_2.0</Filter>
    </ClCompile>
    <ClCompile Include="_BOJ_6064.cpp">
      <Filter>소스 파일\Algo_2.0</Filter>
    </ClCompile>
    <ClCompile Include="_BOJ_1748.cpp">
      <Filter>소스 파일\Algo_2.0</Filter>
    </ClCompile>
    <ClCompile Include="_BOJ_15649.cpp">
      <Filter>소스 파일\Algo_2.0</Filter>
    </ClCompile>
    <ClCompile Include="_BOJ_15650.cpp">
      <Filter>소스 파일\Algo_2.0</Filter>
    </ClCompile>
    <ClCompile Include="_BOJ_15651.cpp">
      <Filter>소스 파일\Algo_2.0</Filter>
    </ClCompile>
    <ClCompile Include="_BOJ_15652.cpp">
      <Filter>소스 파일\Algo_2.0</Filter>
    </ClCompile>
    <ClCompile Include="_BOJ_15654.cpp">
      <Filter>소스 파일\Algo_2.0</Filter>
    </ClCompile>
    <ClCompile Include="_BOJ_15655.cpp">
      <Filter>소스 파일\Algo_2.0</Filter>
    </ClCompile>
    <ClCompile Include="_BOJ_15656.cpp">
      <Filter>소스 파일\Algo_2.0</Filter>
    </ClCompile>
    <ClCompile Include="_BOJ_15657.cpp">
      <Filter>소스 파일\Algo_2.0</Filter>
    </ClCompile>
    <ClCompile Include="_BOJ_15663.cpp">
      <Filter>소스 파일\Algo_2.0</Filter>
    </ClCompile>
    <ClCompile Include="_BOJ_15664.cpp">
      <Filter>소스 파일\Algo_2.0</Filter>
    </ClCompile>
    <ClCompile Include="_BOJ_15665.cpp">
      <Filter>소스 파일\Algo_2.0</Filter>
    </ClCompile>
    <ClCompile Include="_BOJ_15666.cpp">
      <Filter>소스 파일\Algo_2.0</Filter>
    </ClCompile>
    <ClCompile Include="_BOJ_10972.cpp">
      <Filter>소스 파일\Algo_2.0</Filter>
    </ClCompile>
    <ClCompile Include="_BOJ_10973.cpp">
      <Filter>소스 파일\Algo_2.0</Filter>
    </ClCompile>
    <ClCompile Include="_BOJ_10974.cpp">
      <Filter>소스 파일\Algo_2.0</Filter>
    </ClCompile>
    <ClCompile Include="_BOJ_10819.cpp">
      <Filter>소스 파일\Algo_2.0</Filter>
    </ClCompile>
    <ClCompile Include="_BOJ_10971.cpp">
      <Filter>소스 파일\Algo_2.0</Filter>
    </ClCompile>
    <ClCompile Include="_BOJ_6603.cpp">
      <Filter>소스 파일\Algo_2.0</Filter>
    </ClCompile>
    <ClCompile Include="_BOJ_9095_v3.cpp">
      <Filter>소스 파일\Algo_2.0</Filter>
    </ClCompile>
    <ClCompile Include="_BOJ_1759.cpp">
      <Filter>소스 파일\Algo_2.0</Filter>
    </ClCompile>
    <ClCompile Include="_BOJ_14501.cpp">
      <Filter>소스 파일\Algo_2.0</Filter>
    </ClCompile>
    <ClCompile Include="_BOJ_14889.cpp">
      <Filter>소스 파일\Algo_2.0</Filter>
    </ClCompile>
    <ClCompile Include="_BOJ_15661.cpp">
      <Filter>소스 파일\Algo_2.0</Filter>
    </ClCompile>
    <ClCompile Include="_BOJ_2529.cpp">
      <Filter>소스 파일\Algo_2.0</Filter>
    </ClCompile>
    <ClCompile Include="_BOJ_1248.cpp">
      <Filter>소스 파일\Algo_2.0</Filter>
    </ClCompile>
    <ClCompile Include="_BOJ_11723.cpp">
      <Filter>소스 파일\Algo_2.0</Filter>
    </ClCompile>
    <ClCompile Include="_BOJ_1182.cpp">
      <Filter>소스 파일\Algo_2.0</Filter>
    </ClCompile>
    <ClCompile Include="_BOJ_14889_Bitmask.cpp">
      <Filter>소스 파일\Algo_2.0</Filter>
    </ClCompile>
    <ClCompile Include="_BOJ_13023.cpp">
      <Filter>소스 파일\Algo_2.0</Filter>
    </ClCompile>
    <ClCompile Include="_BOJ_1260.cpp">
      <Filter>소스 파일\Algo_2.0</Filter>
    </ClCompile>
    <ClCompile Include="_BOJ_11724.cpp">
      <Filter>소스 파일\Algo_2.0</Filter>
    </ClCompile>
    <ClCompile Include="_BOJ_1707.cpp">
      <Filter>소스 파일\Algo_2.0</Filter>
    </ClCompile>
    <ClCompile Include="_BOJ_2667.cpp">
      <Filter>소스 파일\Algo_2.0</Filter>
    </ClCompile>
    <ClCompile Include="_BOJ_4963.cpp">
      <Filter>소스 파일\Algo_2.0</Filter>
    </ClCompile>
    <ClCompile Include="_BOJ_2178.cpp">
      <Filter>소스 파일\Algo_2.0</Filter>
    </ClCompile>
    <ClCompile Include="_BOJ_7576.cpp">
      <Filter>소스 파일\Algo_2.0</Filter>
    </ClCompile>
    <ClCompile Include="_BOJ_7562.cpp">
      <Filter>소스 파일\Algo_2.0</Filter>
    </ClCompile>
    <ClCompile Include="_P_베스트앨범.cpp">
      <Filter>소스 파일\Algo_2.0</Filter>
    </ClCompile>
    <ClCompile Include="_P_탑.cpp">
      <Filter>소스 파일\Algo_2.0</Filter>
    </ClCompile>
    <ClCompile Include="_P_다리를 지나는 트럭.cpp">
      <Filter>소스 파일\Algo_2.0</Filter>
    </ClCompile>
    <ClCompile Include="_P_쇠막대기_2.cpp">
      <Filter>소스 파일\Algo_2.0</Filter>
    </ClCompile>
    <ClCompile Include="_P_K번째수.cpp">
      <Filter>소스 파일\Algo_2.0</Filter>
    </ClCompile>
    <ClCompile Include="_P_가장큰수.cpp">
      <Filter>소스 파일\Algo_2.0</Filter>
    </ClCompile>
    <ClCompile Include="_P_2N타일링.cpp">
      <Filter>소스 파일\Algo_2.0</Filter>
    </ClCompile>
    <ClCompile Include="_P_H-index.cpp">
      <Filter>소스 파일\Algo_2.0</Filter>
    </ClCompile>
    <ClCompile Include="_P_주식가격_2.cpp">
      <Filter>소스 파일\Algo_2.0</Filter>
    </ClCompile>
    <ClCompile Include="_P_크레인인형뽑기.cpp">
      <Filter>소스 파일\Algo_2.0</Filter>
    </ClCompile>
    <ClCompile Include="_BOJ_10818.cpp">
      <Filter>소스 파일\Algo_2.0</Filter>
    </ClCompile>
    <ClCompile Include="_BOJ_2577.cpp">
      <Filter>소스 파일\Algo_2.0</Filter>
    </ClCompile>
    <ClCompile Include="_BOJ_3052.cpp">
      <Filter>소스 파일\Algo_2.0</Filter>
    </ClCompile>
    <ClCompile Include="_BOJ_1546.cpp">
      <Filter>소스 파일\Algo_2.0</Filter>
    </ClCompile>
    <ClCompile Include="_BOJ_2562.cpp">
      <Filter>소스 파일\Algo_2.0</Filter>
    </ClCompile>
    <ClCompile Include="_BOJ_8958.cpp">
      <Filter>소스 파일\Algo_2.0</Filter>
    </ClCompile>
    <ClCompile Include="_BOJ_4344.cpp">
      <Filter>소스 파일\Algo_2.0</Filter>
    </ClCompile>
    <ClCompile Include="_BOJ_15996.cpp">
      <Filter>소스 파일\Algo_2.0</Filter>
    </ClCompile>
    <ClCompile Include="_BOJ_4673.cpp">
      <Filter>소스 파일\Algo_2.0</Filter>
    </ClCompile>
    <ClCompile Include="_BOJ_1065.cpp">
      <Filter>소스 파일\Algo_2.0</Filter>
    </ClCompile>
    <ClCompile Include="_BOJ_11654.cpp">
      <Filter>소스 파일\Algo_2.0</Filter>
    </ClCompile>
    <ClCompile Include="_BOJ_11720.cpp">
      <Filter>소스 파일\Algo_2.0</Filter>
    </ClCompile>
    <ClCompile Include="_BOJ_10809.cpp">
      <Filter>소스 파일\Algo_2.0</Filter>
    </ClCompile>
    <ClCompile Include="_BOJ_2675.cpp">
      <Filter>소스 파일\Algo_2.0</Filter>
    </ClCompile>
    <ClCompile Include="_BOJ_1157.cpp">
      <Filter>소스 파일\Algo_2.0</Filter>
    </ClCompile>
    <ClCompile Include="_BOJ_1152.cpp">
      <Filter>소스 파일\Algo_2.0</Filter>
    </ClCompile>
    <ClCompile Include="_BOJ_2908.cpp">
      <Filter>소스 파일\Algo_2.0</Filter>
    </ClCompile>
    <ClCompile Include="_BOJ_5622.cpp">
      <Filter>소스 파일\Algo_2.0</Filter>
    </ClCompile>
    <ClCompile Include="_BOJ_2941.cpp">
      <Filter>소스 파일\Algo_2.0</Filter>
    </ClCompile>
    <ClCompile Include="_BOJ_1316.cpp">
      <Filter>소스 파일\Algo_2.0</Filter>
    </ClCompile>
    <ClCompile Include="_BOJ_1712.cpp">
      <Filter>소스 파일\Algo_2.0</Filter>
    </ClCompile>
    <ClCompile Include="_P_조이스틱.cpp">
      <Filter>소스 파일\Algo_2.0</Filter>
    </ClCompile>
    <ClCompile Include="_P_체육복.cpp">
      <Filter>소스 파일\Algo_2.0</Filter>
    </ClCompile>
    <ClCompile Include="_P_괄호변환.cpp">
      <Filter>소스 파일\Algo_2.0</Filter>
    </ClCompile>
    <ClCompile Include="_P_타겟넘버_2.cpp">
      <Filter>소스 파일\Algo_2.0</Filter>
    </ClCompile>
    <ClCompile Include="_P_최솟값만들기.cpp">
      <Filter>소스 파일\Algo_2.0</Filter>
    </ClCompile>
    <ClCompile Include="_P_올바른괄호.cpp">
      <Filter>소스 파일\Algo_2.0</Filter>
    </ClCompile>
    <ClCompile Include="_P_다음큰숫자.cpp">
      <Filter>소스 파일\Algo_2.0</Filter>
    </ClCompile>
    <ClCompile Include="_P_문자열내림차순으로배치하기.cpp">
      <Filter>소스 파일\Algo_2.0</Filter>
    </ClCompile>
    <ClCompile Include="_P_지형이동.cpp">
      <Filter>소스 파일\Algo_2.0</Filter>
    </ClCompile>
    <ClCompile Include="_P_방문길이.cpp">
      <Filter>소스 파일\Algo_2.0</Filter>
    </ClCompile>
    <ClCompile Include="_P_소수만들기.cpp">
      <Filter>소스 파일\Algo_2.0</Filter>
    </ClCompile>
    <ClCompile Include="_P_예산.cpp">
      <Filter>소스 파일\Algo_2.0</Filter>
    </ClCompile>
    <ClCompile Include="_P_영어끝말잇기.cpp">
      <Filter>소스 파일\Algo_2.0</Filter>
    </ClCompile>
    <ClCompile Include="_AL_버블정렬.cpp">
      <Filter>소스 파일\Algo_2.0</Filter>
    </ClCompile>
    <ClCompile Include="_leetcode_ransomnote.cpp">
      <Filter>소스 파일\Algo_2.0</Filter>
    </ClCompile>
    <ClCompile Include="_leetcode_NumberComplement.cpp">
      <Filter>소스 파일\Algo_2.0</Filter>
    </ClCompile>
    <ClCompile Include="_AL_LinkedList.cpp">
      <Filter>소스 파일\Algo_2.0</Filter>
    </ClCompile>
    <ClCompile Include="_AL_QuickSort.cpp">
      <Filter>소스 파일\Algo_2.0</Filter>
    </ClCompile>
    <ClCompile Include="_AL_BinarySearch.cpp">
      <Filter>소스 파일\Algo_2.0</Filter>
    </ClCompile>
    <ClCompile Include="_AL_MST_Kruskal.cpp">
      <Filter>소스 파일\Algo_2.0</Filter>
    </ClCompile>
    <ClCompile Include="_leetcode_FirstUniqueCharacterInAString.cpp">
      <Filter>소스 파일\Algo_2.0</Filter>
    </ClCompile>
    <ClCompile Include="_leetcode_MajorityElement.cpp">
      <Filter>소스 파일\Algo_2.0</Filter>
    </ClCompile>
    <ClCompile Include="_AL_KMP.cpp">
      <Filter>소스 파일\Algo_2.0</Filter>
    </ClCompile>
    <ClCompile Include="_P_구명보트.cpp">
      <Filter>소스 파일\Algo_2.0</Filter>
    </ClCompile>
    <ClCompile Include="_P_섬연결하기.cpp">
      <Filter>소스 파일\Algo_2.0</Filter>
    </ClCompile>
    <ClCompile Include="_AL_Permutation.cpp">
      <Filter>소스 파일\Algo_2.0</Filter>
    </ClCompile>
    <ClCompile Include="_P_도둑질.cpp">
      <Filter>소스 파일\Algo_2.0</Filter>
    </ClCompile>
    <ClCompile Include="_P_단어변환.cpp">
      <Filter>소스 파일\Algo_2.0</Filter>
    </ClCompile>
    <ClCompile Include="_P_입국심사.cpp">
      <Filter>소스 파일\Algo_2.0</Filter>
    </ClCompile>
    <ClCompile Include="_P_더맵게.cpp">
      <Filter>소스 파일\Algo_2.0</Filter>
    </ClCompile>
    <ClCompile Include="_P_최댓값과최솟값.cpp">
      <Filter>소스 파일\Algo_2.0</Filter>
    </ClCompile>
    <ClCompile Include="_M_짝수피보나치.cpp">
      <Filter>소스 파일\Algo_2.0</Filter>
    </ClCompile>
    <ClCompile Include="_BOJ_1914.cpp">
      <Filter>소스 파일\Algo_2.0</Filter>
    </ClCompile>
    <ClCompile Include="_BOJ_11729.cpp">
      <Filter>소스 파일\Algo_2.0</Filter>
    </ClCompile>
    <ClCompile Include="_BOJ_1158_2.cpp">
      <Filter>소스 파일\Algo_2.0</Filter>
    </ClCompile>
    <ClCompile Include="_AL_Reverse-LinkedList.cpp">
      <Filter>소스 파일\Algo_2.0</Filter>
    </ClCompile>
    <ClCompile Include="_leetcode_InverseBinaryTree_DAY6.1.cpp">
      <Filter>소스 파일\Algo_2.0</Filter>
    </ClCompile>
    <ClCompile Include="_leetcode_DeleteNodeInALinkedList_DAY6.2.cpp">
      <Filter>소스 파일\Algo_2.0</Filter>
    </ClCompile>
    <ClCompile Include="_leetcode_TwoCityScheduling_DAY6.3.cpp">
      <Filter>소스 파일\Algo_2.0</Filter>
    </ClCompile>
    <ClCompile Include="_leetcode_ReverseString_DAY6.4.cpp">
      <Filter>소스 파일\Algo_2.0</Filter>
    </ClCompile>
    <ClCompile Include="_leetcode_SearchInsertPosition_DAY6.10.cpp">
      <Filter>소스 파일\Algo_2.0</Filter>
    </ClCompile>
    <ClCompile Include="_leetcode_SortColors_DAY6.11.cpp">
      <Filter>소스 파일\Algo_2.0</Filter>
    </ClCompile>
    <ClCompile Include="_leetcode_InsertDeleteGetRandom_DAY6.12.cpp">
      <Filter>소스 파일\Algo_2.0</Filter>
    </ClCompile>
    <ClCompile Include="_leetcode_RandomPickWithWeight_DAY6.5.cpp">
      <Filter>소스 파일\Algo_2.0</Filter>
    </ClCompile>
    <ClCompile Include="_leetcode_WC192_1472_DesignBrowserHistory.cpp">
      <Filter>소스 파일\Algo_2.0</Filter>
    </ClCompile>
    <ClCompile Include="_leetcode_WC192_1417_TheKStrongestValuesInAnArray.cpp">
      <Filter>소스 파일\Algo_2.0</Filter>
    </ClCompile>
    <ClCompile Include="_leetcode_QueueReconstructionByHeight_DAY6.6.cpp">
      <Filter>소스 파일\Algo_2.0</Filter>
    </ClCompile>
    <ClCompile Include="_leetcode_CoinChange2_DAY6.7.cpp">
      <Filter>소스 파일\Algo_2.0</Filter>
    </ClCompile>
    <ClCompile Include="_leetcode_FunsWithArrays_FindNumversWithEvenNumberOfDigitscpp.cpp">
      <Filter>소스 파일\Algo_2.0</Filter>
    </ClCompile>
    <ClCompile Include="_leetcode_FunWithArrays_MoveZeroes.cpp">
      <Filter>소스 파일\Algo_2.0</Filter>
    </ClCompile>
    <ClCompile Include="_leetcode_LargestDivisibleSubset_DAY6.13.cpp">
      <Filter>소스 파일\Algo_2.0</Filter>
    </ClCompile>
    <ClCompile Include="_P_네트워크.cpp">
      <Filter>소스 파일\Algo_2.0</Filter>
    </ClCompile>
    <ClCompile Include="practice.cpp">
      <Filter>소스 파일\Algo_2.0</Filter>
    </ClCompile>
    <ClCompile Include="_leetcode_CheapestFlightsWithinKStops_DAY6.14.cpp">
      <Filter>소스 파일\Algo_2.0</Filter>
    </ClCompile>
    <ClCompile Include="_M_괄호모든조합.cpp">
      <Filter>소스 파일\Algo_2.0</Filter>
    </ClCompile>
    <ClCompile Include="_leetcode_SearchInABinarySearchTree_DAY6.15.cpp">
      <Filter>소스 파일\Algo_2.0</Filter>
    </ClCompile>
    <ClCompile Include="_leetcode_ValidIPAddress_DAY6.16.cpp">
      <Filter>소스 파일\Algo_2.0</Filter>
    </ClCompile>
    <ClCompile Include="_leetcode_SurroundedRegions_DAY6.17.cpp">
      <Filter>소스 파일\Algo_2.0</Filter>
    </ClCompile>
    <ClCompile Include="_leetcode_TIQ_Array_BestTimeToBuyAndSellStock2.cpp">
      <Filter>소스 파일\Algo_2.0</Filter>
    </ClCompile>
    <ClCompile Include="_leetcode_TIQ_Array_ContainsDuplicate.cpp">
      <Filter>소스 파일\Algo_2.0</Filter>
    </ClCompile>
    <ClCompile Include="_leetcode_TIQ_Array_RotateArray.cpp">
      <Filter>소스 파일\Algo_2.0</Filter>
    </ClCompile>
    <ClCompile Include="_leetcode_TIQ_Array_SignleNumber.cpp">
      <Filter>소스 파일\Algo_2.0</Filter>
    </ClCompile>
    <ClCompile Include="_leetcode_TIQ_IntersectionOfTwoArrays2.cpp">
      <Filter>소스 파일\Algo_2.0</Filter>
    </ClCompile>
    <ClCompile Include="_leetcode_TIQ_Arrays_PlusOne.cpp">
      <Filter>소스 파일\Algo_2.0</Filter>
    </ClCompile>
    <ClCompile Include="_leetcode_TIQ_String_ReverseInteger.cpp">
      <Filter>소스 파일\Algo_2.0</Filter>
    </ClCompile>
    <ClCompile Include="_leetcode_TIQ_LinkedList_RemoveNthNodeFromEndOfList.cpp">
      <Filter>소스 파일\Algo_2.0</Filter>
    </ClCompile>
    <ClCompile Include="_leetcode_H-Index2_DAY6.18.cpp">
      <Filter>소스 파일\Algo_2.0</Filter>
    </ClCompile>
    <ClCompile Include="_leetcode_TIQ_SortingAndSearching_FirstBadVersion.cpp">
      <Filter>소스 파일\Algo_2.0</Filter>
    </ClCompile>
    <ClCompile Include="_leetcode_PermutationSequence_DAY6.20.cpp">
      <Filter>소스 파일\Algo_2.0</Filter>
    </ClCompile>
    <ClCompile Include="_leetcode_TIQ_Trees_MaximumDepthOfBinaryTree.cpp">
      <Filter>소스 파일\Algo_2.0</Filter>
    </ClCompile>
    <ClCompile Include="_leetcode_DungeonGame_DAY6.21.cpp">
      <Filter>소스 파일\Algo_2.0</Filter>
    </ClCompile>
    <ClCompile Include="_leetcode_SingleNumber2_DAY6.22.cpp">
      <Filter>소스 파일\Algo_2.0</Filter>
    </ClCompile>
    <ClCompile Include="_leetcode_CountCompleteTreeNodes_DAY6.23.cpp">
      <Filter>소스 파일\Algo_2.0</Filter>
    </ClCompile>
    <ClCompile Include="_leetcode_UniqueBinarySearchTrees_DAY6.24.cpp">
      <Filter>소스 파일\Algo_2.0</Filter>
    </ClCompile>
    <ClCompile Include="_leetcode_FindTheDuplicateNumber_DAY6.25.cpp">
      <Filter>소스 파일\Algo_2.0</Filter>
    </ClCompile>
    <ClCompile Include="_leetcode_SumRootToLeafNumbers_DAY6.26.cpp">
      <Filter>소스 파일\Algo_2.0</Filter>
    </ClCompile>
    <ClCompile Include="_leetcode_PerfectSquares_DAY6.27.cpp">
      <Filter>소스 파일\Algo_2.0</Filter>
    </ClCompile>
    <ClCompile Include="_leetcode_ReconstructItinerary_DAY6.28.cpp">
      <Filter>소스 파일\Algo_2.0</Filter>
    </ClCompile>
    <ClCompile Include="_leetcode_UniquePaths_DAY6.29.cpp">
      <Filter>소스 파일\Algo_2.0</Filter>
    </ClCompile>
    <ClCompile Include="_leetcode_WordSearch2_DAY6.30.cpp">
      <Filter>소스 파일\Algo_2.0</Filter>
    </ClCompile>
    <ClCompile Include="_leetcode_ArrangingCoins_DAY7.1.cpp">
      <Filter>소스 파일\Algo_2.0</Filter>
    </ClCompile>
  </ItemGroup>
  <ItemGroup>
    <None Include="_leetcode_IsSubsequence_DAY6.9.cpp">
      <Filter>소스 파일\Algo_2.0</Filter>
    </None>
  </ItemGroup>
</Project>